
Microsoft Visual Studio Solution File, Format Version 12.00
# Visual Studio Version 17
VisualStudioVersion = 17.0.31903.59
MinimumVisualStudioVersion = 10.0.40219.1
Project("{FAE04EC0-301F-11D3-BF4B-00C04F79EFBC}") = "BayesRegression", "BayesRegression\BayesRegression.csproj", "{F5F7D008-ED44-4C6F-87F5-17DCDCC41D50}"
EndProject
Project("{FAE04EC0-301F-11D3-BF4B-00C04F79EFBC}") = "BayesRegressorTests", "BayesRegressorTests\BayesRegressorTests.csproj", "{6564CD91-C82A-4CD5-AC73-A79512AC18D4}"
EndProject
Global
	GlobalSection(SolutionConfigurationPlatforms) = preSolution
		Debug|Any CPU = Debug|Any CPU
		Release|Any CPU = Release|Any CPU
	EndGlobalSection
	GlobalSection(SolutionProperties) = preSolution
		HideSolutionNode = FALSE
	EndGlobalSection
	GlobalSection(ProjectConfigurationPlatforms) = postSolution
		{F5F7D008-ED44-4C6F-87F5-17DCDCC41D50}.Debug|Any CPU.ActiveCfg = Debug|Any CPU
		{F5F7D008-ED44-4C6F-87F5-17DCDCC41D50}.Debug|Any CPU.Build.0 = Debug|Any CPU
		{F5F7D008-ED44-4C6F-87F5-17DCDCC41D50}.Release|Any CPU.ActiveCfg = Release|Any CPU
		{F5F7D008-ED44-4C6F-87F5-17DCDCC41D50}.Release|Any CPU.Build.0 = Release|Any CPU
		{6564CD91-C82A-4CD5-AC73-A79512AC18D4}.Debug|Any CPU.ActiveCfg = Debug|Any CPU
		{6564CD91-C82A-4CD5-AC73-A79512AC18D4}.Debug|Any CPU.Build.0 = Debug|Any CPU
		{6564CD91-C82A-4CD5-AC73-A79512AC18D4}.Release|Any CPU.ActiveCfg = Release|Any CPU
		{6564CD91-C82A-4CD5-AC73-A79512AC18D4}.Release|Any CPU.Build.0 = Release|Any CPU
	EndGlobalSection
EndGlobal
